
Microsoft Visual Studio Solution File, Format Version 12.00
# Visual Studio Version 16
VisualStudioVersion = 16.0.31729.503
MinimumVisualStudioVersion = 10.0.40219.1
Project("{FAE04EC0-301F-11D3-BF4B-00C04F79EFBC}") = "WinformApp", "WinformApp\WinformApp.csproj", "{3C298434-2CBE-438A-9E8A-556A7A389142}"
EndProject
Global
	GlobalSection(SolutionConfigurationPlatforms) = preSolution
		Debug|Any CPU = Debug|Any CPU
		Release|Any CPU = Release|Any CPU
	EndGlobalSection
	GlobalSection(ProjectConfigurationPlatforms) = postSolution
		{3C298434-2CBE-438A-9E8A-556A7A389142}.Debug|Any CPU.ActiveCfg = Debug|Any CPU
		{3C298434-2CBE-438A-9E8A-556A7A389142}.Debug|Any CPU.Build.0 = Debug|Any CPU
		{3C298434-2CBE-438A-9E8A-556A7A389142}.Release|Any CPU.ActiveCfg = Release|Any CPU
		{3C298434-2CBE-438A-9E8A-556A7A389142}.Release|Any CPU.Build.0 = Release|Any CPU
	EndGlobalSection
	GlobalSection(SolutionProperties) = preSolution
		HideSolutionNode = FALSE
	EndGlobalSection
	GlobalSection(ExtensibilityGlobals) = postSolution
		SolutionGuid = {ED2E8EA4-E437-4B5F-A816-FB29D1D5D879}
	EndGlobalSection
EndGlobal
